{
  "meteor": {},
  "dependencies": {
    "basePackages": {
      "iron-router": {},
      "handlebar-helpers": {},
      "iron-router-progress": {},
      "semantic-ui": {},
      "collection2": {},
      "apm": {},
      "autoform": {},
      "sass": {}
    },
    "packages": {
      "iron-router": {
        "git": "https://github.com/EventedMind/iron-router.git",
        "tag": "v0.6.4",
        "commit": "927bbaed1b87894fb6fb70807f74ff3a5bd89f29"
      },
      "handlebar-helpers": {
        "git": "https://github.com/raix/Meteor-handlebar-helpers.git",
        "tag": "v0.0.9",
        "commit": "71e94c99462b8801a34c5363510758b6ff5f5ac7"
      },
      "iron-router-progress": {
        "git": "https://github.com/Multiply/iron-router-progress.git",
        "tag": "v0.2.0",
        "commit": "ce730d1d26feadb7c75ea25f22c5bfdb0c549a8b"
      },
      "semantic-ui": {
        "git": "https://github.com/nooitaf/meteor-semantic-ui.git",
        "tag": "v0.13.0",
        "commit": "e52080af47b590b6204d0824ece47e0f1a914f76"
      },
      "collection2": {
        "git": "https://github.com/aldeed/meteor-collection2.git",
        "tag": "v0.3.8",
        "commit": "69aff2a21ba3c382f915e1f9dbcca2ad38edb6d5"
      },
      "apm": {
        "git": "https://github.com/arunoda/meteor-apm-client.git",
        "tag": "v0.2.8",
        "commit": "fe6d434be4a34da547beb40323a3622ca203f311"
      },
      "autoform": {
        "git": "https://github.com/aldeed/meteor-autoform.git",
        "tag": "v0.4.18",
        "commit": "991efc809b959e77d94796f47ca6c5b1e5c2c6e2"
      },
      "sass": {
        "git": "https://github.com/particle4dev/meteor-sass.git",
        "tag": "v0.0.1",
        "commit": "08f96aee0f1fd446bc20005b66e0ba2d7a6d4f3d"
      },
      "simple-schema": {
        "git": "https://github.com/aldeed/meteor-simple-schema.git",
        "tag": "v0.2.39",
        "commit": "02afc77cba60ce5829e453567ebac76e4b69bc81"
      },
      "moment": {
        "git": "https://github.com/acreeger/meteor-moment.git",
        "tag": "v2.5.1",
        "commit": "8c9bc5d3fc96705057737cb9743d555417f6e551"
      }
    }
  }
}
